
Microsoft Visual Studio Solution File, Format Version 12.00
# Visual Studio Version 17
VisualStudioVersion = 17.9.34622.214
MinimumVisualStudioVersion = 10.0.40219.1
Project("{9A19103F-16F7-4668-BE54-9A1E7A4F7556}") = "TechStoreApp", "TechStoreApp\TechStoreApp.csproj", "{27610D42-FDC5-43A2-8A51-F81228C2052D}"
EndProject
Project("{2150E333-8FDC-42A3-9474-1A3956D46DE8}") = "Solution Items", "Solution Items", "{DC72210F-8614-48FC-BA9B-DB7BE7BE85FF}"
	ProjectSection(SolutionItems) = preProject
		.editorconfig = .editorconfig
		.eslintrc.json = .eslintrc.json
		.gitattributes = .gitattributes
		.gitignore = .gitignore
		package-lock.json = package-lock.json
		package.json = package.json
		README.md = README.md
	EndProjectSection
EndProject
Global
	GlobalSection(SolutionConfigurationPlatforms) = preSolution
		Debug|Any CPU = Debug|Any CPU
		Release|Any CPU = Release|Any CPU
	EndGlobalSection
	GlobalSection(ProjectConfigurationPlatforms) = postSolution
		{27610D42-FDC5-43A2-8A51-F81228C2052D}.Debug|Any CPU.ActiveCfg = Debug|Any CPU
		{27610D42-FDC5-43A2-8A51-F81228C2052D}.Debug|Any CPU.Build.0 = Debug|Any CPU
		{27610D42-FDC5-43A2-8A51-F81228C2052D}.Release|Any CPU.ActiveCfg = Release|Any CPU
		{27610D42-FDC5-43A2-8A51-F81228C2052D}.Release|Any CPU.Build.0 = Release|Any CPU
	EndGlobalSection
	GlobalSection(SolutionProperties) = preSolution
		HideSolutionNode = FALSE
	EndGlobalSection
	GlobalSection(ExtensibilityGlobals) = postSolution
		SolutionGuid = {824843DE-6950-4D8A-B929-A02574671981}
	EndGlobalSection
EndGlobal
